<?xml version="1.0" encoding="utf-8"?>
<Project ToolsVersion="4.0" xmlns="http://schemas.microsoft.com/developer/msbuild/2003">
  <ItemGroup>
    <Filter Include="Archivos de origen">
      <UniqueIdentifier>{4FC737F1-C7A5-4376-A066-2A32D752A2FF}</UniqueIdentifier>
      <Extensions>cpp;c;cc;cxx;def;odl;idl;hpj;bat;asm;asmx</Extensions>
    </Filter>
    <Filter Include="Archivos de encabezado">
      <UniqueIdentifier>{93995380-89BD-4b04-88EB-625FBE52EBFB}</UniqueIdentifier>
      <Extensions>h;hh;hpp;hxx;hm;inl;inc;ipp;xsd</Extensions>
    </Filter>
    <Filter Include="Archivos de recursos">
      <UniqueIdentifier>{67DA6AB6-F800-4c08-8B7A-83BB121AAD01}</UniqueIdentifier>
      <Extensions>rc;ico;cur;bmp;dlg;rc2;rct;bin;rgs;gif;jpg;jpeg;jpe;resx;tiff;tif;png;wav;mfcribbon-ms</Extensions>
    </Filter>
  </ItemGroup>
  <ItemGroup>
    <ClInclude Include="routine.h">
      <Filter>Archivos de encabezado</Filter>
    </ClInclude>
    <ClInclude Include="measurements.h">
      <Filter>Archivos de encabezado</Filter>
    </ClInclude>
    <ClInclude Include="person.h">
      <Filter>Archivos de encabezado</Filter>
    </ClInclude>
    <ClInclude Include="associate.h">
      <Filter>Archivos de encabezado</Filter>
    </ClInclude>
    <ClInclude Include="nodeA.h">
      <Filter>Archivos de encabezado</Filter>
    </ClInclude>
    <ClInclude Include="listI.h">
      <Filter>Archivos de encabezado</Filter>
    </ClInclude>
    <ClInclude Include="groupClass.h">
      <Filter>Archivos de encabezado</Filter>
    </ClInclude>
    <ClInclude Include="listA.h">
      <Filter>Archivos de encabezado</Filter>
    </ClInclude>
    <ClInclude Include="instructor.h">
      <Filter>Archivos de encabezado</Filter>
    </ClInclude>
    <ClInclude Include="nodeI.h">
      <Filter>Archivos de encabezado</Filter>
    </ClInclude>
    <ClInclude Include="gym.h">
      <Filter>Archivos de encabezado</Filter>
    </ClInclude>
    <ClInclude Include="tools.h">
      <Filter>Archivos de encabezado</Filter>
    </ClInclude>
    <ClInclude Include="schedule.h">
      <Filter>Archivos de encabezado</Filter>
    </ClInclude>
    <ClInclude Include="time.h">
      <Filter>Archivos de encabezado</Filter>
    </ClInclude>
    <ClInclude Include="room.h">
      <Filter>Archivos de encabezado</Filter>
    </ClInclude>
    <ClInclude Include="nodeG.h">
      <Filter>Archivos de encabezado</Filter>
    </ClInclude>
    <ClInclude Include="listG.h">
      <Filter>Archivos de encabezado</Filter>
    </ClInclude>
    <ClInclude Include="roomArray.h">
      <Filter>Archivos de encabezado</Filter>
    </ClInclude>
    <ClInclude Include="nodeR.h">
      <Filter>Archivos de encabezado</Filter>
    </ClInclude>
    <ClInclude Include="listR.h">
      <Filter>Archivos de encabezado</Filter>
    </ClInclude>
    <ClInclude Include="nodeM.h">
      <Filter>Archivos de encabezado</Filter>
    </ClInclude>
    <ClInclude Include="listM.h">
      <Filter>Archivos de encabezado</Filter>
    </ClInclude>
    <ClInclude Include="analizadorT.h">
      <Filter>Archivos de encabezado</Filter>
    </ClInclude>
    <ClInclude Include="exercise.h">
      <Filter>Archivos de encabezado</Filter>
    </ClInclude>
    <ClInclude Include="listE.h">
      <Filter>Archivos de encabezado</Filter>
    </ClInclude>
    <ClInclude Include="nodeE.h">
      <Filter>Archivos de encabezado</Filter>
    </ClInclude>
    <ClInclude Include="codeGenerator.h">
      <Filter>Archivos de encabezado</Filter>
    </ClInclude>
  </ItemGroup>
  <ItemGroup>
    <ClCompile Include="routine.cpp">
      <Filter>Archivos de origen</Filter>
    </ClCompile>
    <ClCompile Include="measurements.cpp">
      <Filter>Archivos de origen</Filter>
    </ClCompile>
    <ClCompile Include="person.cpp">
      <Filter>Archivos de origen</Filter>
    </ClCompile>
    <ClCompile Include="associate.cpp">
      <Filter>Archivos de origen</Filter>
    </ClCompile>
    <ClCompile Include="tools.cpp">
      <Filter>Archivos de origen</Filter>
    </ClCompile>
    <ClCompile Include="gym.cpp">
      <Filter>Archivos de origen</Filter>
    </ClCompile>
    <ClCompile Include="main.cpp">
      <Filter>Archivos de origen</Filter>
    </ClCompile>
    <ClCompile Include="nodeA.cpp">
      <Filter>Archivos de origen</Filter>
    </ClCompile>
    <ClCompile Include="listI.cpp">
      <Filter>Archivos de origen</Filter>
    </ClCompile>
    <ClCompile Include="groupClass.cpp">
      <Filter>Archivos de origen</Filter>
    </ClCompile>
    <ClCompile Include="listA.cpp">
      <Filter>Archivos de origen</Filter>
    </ClCompile>
    <ClCompile Include="instructor.cpp">
      <Filter>Archivos de origen</Filter>
    </ClCompile>
    <ClCompile Include="nodeI.cpp">
      <Filter>Archivos de origen</Filter>
    </ClCompile>
    <ClCompile Include="schedule.cpp">
      <Filter>Archivos de origen</Filter>
    </ClCompile>
    <ClCompile Include="time.cpp">
      <Filter>Archivos de origen</Filter>
    </ClCompile>
    <ClCompile Include="room.cpp">
      <Filter>Archivos de origen</Filter>
    </ClCompile>
    <ClCompile Include="nodeG.cpp">
      <Filter>Archivos de origen</Filter>
    </ClCompile>
    <ClCompile Include="listG.cpp">
      <Filter>Archivos de origen</Filter>
    </ClCompile>
    <ClCompile Include="roomArray.cpp">
      <Filter>Archivos de origen</Filter>
    </ClCompile>
    <ClCompile Include="nodeR.cpp">
      <Filter>Archivos de origen</Filter>
    </ClCompile>
    <ClCompile Include="listR.cpp">
      <Filter>Archivos de origen</Filter>
    </ClCompile>
    <ClCompile Include="nodeM.cpp">
      <Filter>Archivos de origen</Filter>
    </ClCompile>
    <ClCompile Include="listM.cpp">
      <Filter>Archivos de origen</Filter>
    </ClCompile>
    <ClCompile Include="analizadorT.cpp">
      <Filter>Archivos de origen</Filter>
    </ClCompile>
    <ClCompile Include="exercise.cpp">
      <Filter>Archivos de origen</Filter>
    </ClCompile>
    <ClCompile Include="nodeE.cpp">
      <Filter>Archivos de origen</Filter>
    </ClCompile>
    <ClCompile Include="listE.cpp">
      <Filter>Archivos de origen</Filter>
    </ClCompile>
    <ClCompile Include="codeGenerator.cpp">
      <Filter>Archivos de origen</Filter>
    </ClCompile>
  </ItemGroup>
</Project>